
Microsoft Visual Studio Solution File, Format Version 12.00
# Visual Studio Version 17
VisualStudioVersion = 17.10.35122.118
MinimumVisualStudioVersion = 10.0.40219.1
Project("{8BC9CEB8-8B4A-11D0-8D11-00A0C91BC942}") = "LAB8", "LAB8\LAB8.vcxproj", "{AC6BFC6C-BB85-438A-A59E-348BC6D4CCEC}"
EndProject
Global
	GlobalSection(SolutionConfigurationPlatforms) = preSolution
		Debug|x64 = Debug|x64
		Debug|x86 = Debug|x86
		Release|x64 = Release|x64
		Release|x86 = Release|x86
	EndGlobalSection
	GlobalSection(ProjectConfigurationPlatforms) = postSolution
		{AC6BFC6C-BB85-438A-A59E-348BC6D4CCEC}.Debug|x64.ActiveCfg = Debug|x64
		{AC6BFC6C-BB85-438A-A59E-348BC6D4CCEC}.Debug|x64.Build.0 = Debug|x64
		{AC6BFC6C-BB85-438A-A59E-348BC6D4CCEC}.Debug|x86.ActiveCfg = Debug|Win32
		{AC6BFC6C-BB85-438A-A59E-348BC6D4CCEC}.Debug|x86.Build.0 = Debug|Win32
		{AC6BFC6C-BB85-438A-A59E-348BC6D4CCEC}.Release|x64.ActiveCfg = Release|x64
		{AC6BFC6C-BB85-438A-A59E-348BC6D4CCEC}.Release|x64.Build.0 = Release|x64
		{AC6BFC6C-BB85-438A-A59E-348BC6D4CCEC}.Release|x86.ActiveCfg = Release|Win32
		{AC6BFC6C-BB85-438A-A59E-348BC6D4CCEC}.Release|x86.Build.0 = Release|Win32
	EndGlobalSection
	GlobalSection(SolutionProperties) = preSolution
		HideSolutionNode = FALSE
	EndGlobalSection
	GlobalSection(ExtensibilityGlobals) = postSolution
		SolutionGuid = {DB2DEE2C-CD2D-4124-A521-9EAF99A26B6C}
	EndGlobalSection
EndGlobal
